
Microsoft Visual Studio Solution File, Format Version 11.00
# Visual Studio 2010
Project("{FAE04EC0-301F-11D3-BF4B-00C04F79EFBC}") = "Tour Route", "Tour Route\Tour Route.csproj", "{7950F747-88EF-4C9A-9384-6A27556C417E}"
EndProject
Global
	GlobalSection(SolutionConfigurationPlatforms) = preSolution
		Debug|Any CPU = Debug|Any CPU
		Release|Any CPU = Release|Any CPU
	EndGlobalSection
	GlobalSection(ProjectConfigurationPlatforms) = postSolution
		{7950F747-88EF-4C9A-9384-6A27556C417E}.Debug|Any CPU.ActiveCfg = Debug|Any CPU
		{7950F747-88EF-4C9A-9384-6A27556C417E}.Debug|Any CPU.Build.0 = Debug|Any CPU
		{7950F747-88EF-4C9A-9384-6A27556C417E}.Release|Any CPU.ActiveCfg = Release|Any CPU
		{7950F747-88EF-4C9A-9384-6A27556C417E}.Release|Any CPU.Build.0 = Release|Any CPU
	EndGlobalSection
	GlobalSection(SolutionProperties) = preSolution
		HideSolutionNode = FALSE
	EndGlobalSection
EndGlobal
